
Microsoft Visual Studio Solution File, Format Version 12.00
# Visual Studio 2012
Project("{8A4D642E-824A-4D58-BD56-648CC30C8F17}") = "Procurement", "Procurement\Procurement.ls3proj", "{F894E545-E6F8-4958-B8DA-A6D51FE9FEF8}"
EndProject
Global
	GlobalSection(SolutionConfigurationPlatforms) = preSolution
		Debug|Any CPU = Debug|Any CPU
		Release|Any CPU = Release|Any CPU
	EndGlobalSection
	GlobalSection(ProjectDependencies) = postSolution
		{690CFE95-979A-4DCB-8376-9733AB5F5C67}.0 = {EEA2F11D-F16A-4E99-8492-49105C74D349}
	EndGlobalSection
	GlobalSection(ProjectConfigurationPlatforms) = postSolution
		{F894E545-E6F8-4958-B8DA-A6D51FE9FEF8}.Debug|Any CPU.ActiveCfg = Debug|Any CPU
		{F894E545-E6F8-4958-B8DA-A6D51FE9FEF8}.Debug|Any CPU.Build.0 = Debug|Any CPU
		{F894E545-E6F8-4958-B8DA-A6D51FE9FEF8}.Release|Any CPU.ActiveCfg = Release|Any CPU
		{F894E545-E6F8-4958-B8DA-A6D51FE9FEF8}.Release|Any CPU.Build.0 = Release|Any CPU
		{9376E0CE-F420-4FD5-958A-A3401F691110}.Debug|Any CPU.ActiveCfg = Debug|Any CPU
		{9376E0CE-F420-4FD5-958A-A3401F691110}.Debug|Any CPU.Build.0 = Debug|Any CPU
		{9376E0CE-F420-4FD5-958A-A3401F691110}.Release|Any CPU.ActiveCfg = Release|Any CPU
		{9376E0CE-F420-4FD5-958A-A3401F691110}.Release|Any CPU.Build.0 = Release|Any CPU
		{EEA2F11D-F16A-4E99-8492-49105C74D349}.Debug|Any CPU.ActiveCfg = Debug|Any CPU
		{EEA2F11D-F16A-4E99-8492-49105C74D349}.Debug|Any CPU.Build.0 = Debug|Any CPU
		{EEA2F11D-F16A-4E99-8492-49105C74D349}.Release|Any CPU.ActiveCfg = Release|Any CPU
		{EEA2F11D-F16A-4E99-8492-49105C74D349}.Release|Any CPU.Build.0 = Release|Any CPU
		{690CFE95-979A-4DCB-8376-9733AB5F5C67}.Debug|Any CPU.ActiveCfg = Debug|Any CPU
		{690CFE95-979A-4DCB-8376-9733AB5F5C67}.Debug|Any CPU.Build.0 = Debug|Any CPU
		{690CFE95-979A-4DCB-8376-9733AB5F5C67}.Release|Any CPU.ActiveCfg = Release|Any CPU
		{690CFE95-979A-4DCB-8376-9733AB5F5C67}.Release|Any CPU.Build.0 = Release|Any CPU
	EndGlobalSection
	GlobalSection(SolutionProperties) = preSolution
		HideSolutionNode = FALSE
	EndGlobalSection
EndGlobal
